{
  "name": "node-demo",
  "version": "1.0.0",
  "lockfileVersion": 1,
  "requires": true,
  "dependencies": {
    "framesync": {
      "version": "4.1.0",
      "resolved": "https://registry.npmjs.org/framesync/-/framesync-4.1.0.tgz",
      "integrity": "sha512-MmgZ4wCoeVxNbx2xp5hN/zPDCbLSKiDt4BbbslK7j/pM2lg5S0vhTNv1v8BCVb99JPIo6hXBFdwzU7Q4qcAaoQ==",
      "requires": {
        "hey-listen": "^1.0.5"
      }
    },
    "hey-listen": {
      "version": "1.0.8",
      "resolved": "https://registry.npmjs.org/hey-listen/-/hey-listen-1.0.8.tgz",
      "integrity": "sha512-COpmrF2NOg4TBWUJ5UVyaCU2A88wEMkUPK4hNqyCkqHbxT92BbvfjoSozkAIIm6XhicGlJHhFdullInrdhwU8Q=="
    },
    "popmotion": {
      "version": "9.0.0",
      "resolved": "https://registry.npmjs.org/popmotion/-/popmotion-9.0.0.tgz",
      "integrity": "sha512-CLtdJ27NRv5QphIB2//CRKyULuze4/CClm+zSSBQr4x1Gurdxd2nvsRjxAuIA7knvA2iEfCwrl9j2rlUGlkb6w==",
      "requires": {
        "framesync": "^4.1.0",
        "hey-listen": "^1.0.8",
        "style-value-types": "^3.1.9",
        "tslib": "^1.10.0"
      }
    },
    "style-value-types": {
      "version": "3.1.9",
      "resolved": "https://registry.npmjs.org/style-value-types/-/style-value-types-3.1.9.tgz",
      "integrity": "sha512-050uqgB7WdvtgacoQKm+4EgKzJExVq0sieKBQQtJiU3Muh6MYcCp4T3M8+dfl6VOF2LR0NNwXBP1QYEed8DfIw==",
      "requires": {
        "hey-listen": "^1.0.8",
        "tslib": "^1.10.0"
      }
    },
    "tslib": {
      "version": "1.14.1",
      "resolved": "https://registry.npmjs.org/tslib/-/tslib-1.14.1.tgz",
      "integrity": "sha512-Xni35NKzjgMrwevysHTCArtLDpPvye8zV/0E4EyYn43P7/7qvQwPh9BGkHewbMulVntbigmcT7rdX3BNo9wRJg=="
    }
  }
}
